{
  "name": "cli-ansi-table",
  "version": "1.0.2",
  "lockfileVersion": 3,
  "requires": true,
  "packages": {
    "": {
      "name": "cli-ansi-table",
      "version": "1.0.2",
      "license": "ISC",
      "dependencies": {
        "util-multi-array": "^1.0.0"
      },
      "devDependencies": {
        "typescript": "^5.0.4"
      }
    },
    "node_modules/typescript": {
      "version": "5.0.4",
      "resolved": "https://registry.npmjs.org/typescript/-/typescript-5.0.4.tgz",
      "integrity": "sha512-cW9T5W9xY37cc+jfEnaUvX91foxtHkza3Nw3wkoF4sSlKn0MONdkdEndig/qPBWXNkmplh3NzayQzCiHM4/hqw==",
      "dev": true,
      "bin": {
        "tsc": "bin/tsc",
        "tsserver": "bin/tsserver"
      },
      "engines": {
        "node": ">=12.20"
      }
    },
    "node_modules/util-multi-array": {
      "version": "1.0.0",
      "resolved": "https://registry.npmjs.org/util-multi-array/-/util-multi-array-1.0.0.tgz",
      "integrity": "sha512-c778jwwX8Ty1zFDCMI7PigTGGcmQyv10YK4GkmJea64+6V0sFyjNpSeGiAWrTu66ktPszi5NK2kvBx3LFOeg5Q=="
    }
  }
}
